
Microsoft Visual Studio Solution File, Format Version 12.00
# Visual Studio Version 17
VisualStudioVersion = 17.7.34221.43
MinimumVisualStudioVersion = 10.0.40219.1
Project("{FAE04EC0-301F-11D3-BF4B-00C04F79EFBC}") = "CAT_CAMERA", "CAT_CAMERA.csproj", "{1A64DCC2-A05C-4066-A5D9-8025CDDDA714}"
EndProject
Global
	GlobalSection(SolutionConfigurationPlatforms) = preSolution
		Debug|Any CPU = Debug|Any CPU
		Release|Any CPU = Release|Any CPU
	EndGlobalSection
	GlobalSection(ProjectConfigurationPlatforms) = postSolution
		{1A64DCC2-A05C-4066-A5D9-8025CDDDA714}.Debug|Any CPU.ActiveCfg = Debug|Any CPU
		{1A64DCC2-A05C-4066-A5D9-8025CDDDA714}.Debug|Any CPU.Build.0 = Debug|Any CPU
		{1A64DCC2-A05C-4066-A5D9-8025CDDDA714}.Release|Any CPU.ActiveCfg = Release|Any CPU
		{1A64DCC2-A05C-4066-A5D9-8025CDDDA714}.Release|Any CPU.Build.0 = Release|Any CPU
	EndGlobalSection
	GlobalSection(SolutionProperties) = preSolution
		HideSolutionNode = FALSE
	EndGlobalSection
	GlobalSection(ExtensibilityGlobals) = postSolution
		SolutionGuid = {531FD1B8-0348-4CE8-B274-26B15CAC05E5}
	EndGlobalSection
EndGlobal
